Microsoft Visual Studio Solution File, Format Version 12.00
# Visual Studio Version 17
VisualStudioVersion = 17.0.31903.59
MinimumVisualStudioVersion = 10.0.40219.1
Project("{9A19103F-16F7-4668-BE54-9A1E7A4F7556}") = "TestAllRefs", "TestAllRefs\TestAllRefs.csproj", "{FAF7AFF4-8E1F-4D41-A4B8-24BE2715C89A}"
EndProject
Project("{2150E333-8FDC-42A3-9474-1A3956D46DE8}") = "nupkg", "nupkg", "{CE043F66-AFE3-43C6-8D52-E3059B8B2CDB}"
	ProjectSection(SolutionItems) = preProject
		..\nupkg\icon.png = ..\nupkg\icon.png
		..\nupkg\readme.txt = ..\nupkg\readme.txt
		..\nupkg\Unity3D.nuspec = ..\nupkg\Unity3D.nuspec
	EndProjectSection
EndProject
Project("{2150E333-8FDC-42A3-9474-1A3956D46DE8}") = "build", "build", "{E4D0EF7B-F491-4BD5-BDD3-ABD92D3BEE05}"
	ProjectSection(SolutionItems) = preProject
		..\nupkg\build\Unity3D.props = ..\nupkg\build\Unity3D.props
	EndProjectSection
EndProject
Project("{2150E333-8FDC-42A3-9474-1A3956D46DE8}") = "buildMultiTargeting", "buildMultiTargeting", "{98FA5AC9-B938-4AA6-B8B1-1B6468878191}"
	ProjectSection(SolutionItems) = preProject
		..\nupkg\buildMultiTargeting\Unity3D.props = ..\nupkg\buildMultiTargeting\Unity3D.props
	EndProjectSection
EndProject
Project("{9A19103F-16F7-4668-BE54-9A1E7A4F7556}") = "TestMinimalFromProject", "TestMinimalFromProject\TestMinimalFromProject.csproj", "{7C22AA1F-E1E9-4592-BBB5-06E2DF7E74D4}"
EndProject
Project("{2150E333-8FDC-42A3-9474-1A3956D46DE8}") = "Solution Items", "Solution Items", "{157D3502-954C-4200-81B5-4A381B9F4C80}"
	ProjectSection(SolutionItems) = preProject
		..\.gitignore = ..\.gitignore
		..\CHANGELOG.md = ..\CHANGELOG.md
		..\CODE_OF_CONDUCT.md = ..\CODE_OF_CONDUCT.md
		..\CONTRIBUTING.md = ..\CONTRIBUTING.md
		..\LICENSE = ..\LICENSE
		..\publish.sh = ..\publish.sh
		..\README.md = ..\README.md
	EndProjectSection
EndProject
Project("{2150E333-8FDC-42A3-9474-1A3956D46DE8}") = "test", "test", "{E365C332-897A-43CA-8702-F9475896349B}"
	ProjectSection(SolutionItems) = preProject
		Directory.Build.props = Directory.Build.props
		UnityAssetsPath.props = UnityAssetsPath.props
		UnityVersion.props = UnityVersion.props
	EndProjectSection
EndProject
Project("{9A19103F-16F7-4668-BE54-9A1E7A4F7556}") = "TestMinimalExplicit", "TestMinimalExplicit\TestMinimalExplicit.csproj", "{4EFD5237-59D1-431D-A60A-A8B1D397AC1B}"
EndProject
Global
	GlobalSection(SolutionConfigurationPlatforms) = preSolution
		Net472_2020_3|Any CPU = Net472_2020_3|Any CPU
		Net472_2021_1|Any CPU = Net472_2021_1|Any CPU
		Net472_2021_2|Any CPU = Net472_2021_2|Any CPU
		Net472_2021_3|Any CPU = Net472_2021_3|Any CPU
		Net472_2022_1|Any CPU = Net472_2022_1|Any CPU
		Net48_2021_2|Any CPU = Net48_2021_2|Any CPU
		Net48_2021_3|Any CPU = Net48_2021_3|Any CPU
		Net48_2022_1|Any CPU = Net48_2022_1|Any CPU
		Standard20_2020_3|Any CPU = Standard20_2020_3|Any CPU
		Standard20_2021_1|Any CPU = Standard20_2021_1|Any CPU
		Standard21_2021_2|Any CPU = Standard21_2021_2|Any CPU
		Standard21_2021_3|Any CPU = Standard21_2021_3|Any CPU
		Standard21_2022_1|Any CPU = Standard21_2022_1|Any CPU
	EndGlobalSection
	GlobalSection(ProjectConfigurationPlatforms) = postSolution
		{FAF7AFF4-8E1F-4D41-A4B8-24BE2715C89A}.Net472_2020_3|Any CPU.ActiveCfg = Net472_2020_3|Any CPU
		{FAF7AFF4-8E1F-4D41-A4B8-24BE2715C89A}.Net472_2020_3|Any CPU.Build.0 = Net472_2020_3|Any CPU
		{FAF7AFF4-8E1F-4D41-A4B8-24BE2715C89A}.Net472_2021_1|Any CPU.ActiveCfg = Net472_2021_1|Any CPU
		{FAF7AFF4-8E1F-4D41-A4B8-24BE2715C89A}.Net472_2021_1|Any CPU.Build.0 = Net472_2021_1|Any CPU
		{FAF7AFF4-8E1F-4D41-A4B8-24BE2715C89A}.Net472_2021_2|Any CPU.ActiveCfg = Net472_2021_2|Any CPU
		{FAF7AFF4-8E1F-4D41-A4B8-24BE2715C89A}.Net472_2021_2|Any CPU.Build.0 = Net472_2021_2|Any CPU
		{FAF7AFF4-8E1F-4D41-A4B8-24BE2715C89A}.Net472_2021_3|Any CPU.ActiveCfg = Net472_2021_3|Any CPU
		{FAF7AFF4-8E1F-4D41-A4B8-24BE2715C89A}.Net472_2021_3|Any CPU.Build.0 = Net472_2021_3|Any CPU
		{FAF7AFF4-8E1F-4D41-A4B8-24BE2715C89A}.Net472_2022_1|Any CPU.ActiveCfg = Net472_2022_1|Any CPU
		{FAF7AFF4-8E1F-4D41-A4B8-24BE2715C89A}.Net472_2022_1|Any CPU.Build.0 = Net472_2022_1|Any CPU
		{FAF7AFF4-8E1F-4D41-A4B8-24BE2715C89A}.Net48_2021_2|Any CPU.ActiveCfg = Net48_2021_2|Any CPU
		{FAF7AFF4-8E1F-4D41-A4B8-24BE2715C89A}.Net48_2021_2|Any CPU.Build.0 = Net48_2021_2|Any CPU
		{FAF7AFF4-8E1F-4D41-A4B8-24BE2715C89A}.Net48_2021_3|Any CPU.ActiveCfg = Net48_2021_3|Any CPU
		{FAF7AFF4-8E1F-4D41-A4B8-24BE2715C89A}.Net48_2021_3|Any CPU.Build.0 = Net48_2021_3|Any CPU
		{FAF7AFF4-8E1F-4D41-A4B8-24BE2715C89A}.Net48_2022_1|Any CPU.ActiveCfg = Net48_2022_1|Any CPU
		{FAF7AFF4-8E1F-4D41-A4B8-24BE2715C89A}.Net48_2022_1|Any CPU.Build.0 = Net48_2022_1|Any CPU
		{FAF7AFF4-8E1F-4D41-A4B8-24BE2715C89A}.Standard20_2020_3|Any CPU.ActiveCfg = Standard20_2020_3|Any CPU
		{FAF7AFF4-8E1F-4D41-A4B8-24BE2715C89A}.Standard20_2020_3|Any CPU.Build.0 = Standard20_2020_3|Any CPU
		{FAF7AFF4-8E1F-4D41-A4B8-24BE2715C89A}.Standard20_2021_1|Any CPU.ActiveCfg = Standard20_2021_1|Any CPU
		{FAF7AFF4-8E1F-4D41-A4B8-24BE2715C89A}.Standard20_2021_1|Any CPU.Build.0 = Standard20_2021_1|Any CPU
		{FAF7AFF4-8E1F-4D41-A4B8-24BE2715C89A}.Standard21_2021_2|Any CPU.ActiveCfg = Standard21_2021_2|Any CPU
		{FAF7AFF4-8E1F-4D41-A4B8-24BE2715C89A}.Standard21_2021_2|Any CPU.Build.0 = Standard21_2021_2|Any CPU
		{FAF7AFF4-8E1F-4D41-A4B8-24BE2715C89A}.Standard21_2021_3|Any CPU.ActiveCfg = Standard21_2021_3|Any CPU
		{FAF7AFF4-8E1F-4D41-A4B8-24BE2715C89A}.Standard21_2021_3|Any CPU.Build.0 = Standard21_2021_3|Any CPU
		{FAF7AFF4-8E1F-4D41-A4B8-24BE2715C89A}.Standard21_2022_1|Any CPU.ActiveCfg = Standard21_2022_1|Any CPU
		{FAF7AFF4-8E1F-4D41-A4B8-24BE2715C89A}.Standard21_2022_1|Any CPU.Build.0 = Standard21_2022_1|Any CPU
		{7C22AA1F-E1E9-4592-BBB5-06E2DF7E74D4}.Net472_2020_3|Any CPU.ActiveCfg = Net472_2020_3|Any CPU
		{7C22AA1F-E1E9-4592-BBB5-06E2DF7E74D4}.Net472_2020_3|Any CPU.Build.0 = Net472_2020_3|Any CPU
		{7C22AA1F-E1E9-4592-BBB5-06E2DF7E74D4}.Net472_2021_1|Any CPU.ActiveCfg = Net472_2021_1|Any CPU
		{7C22AA1F-E1E9-4592-BBB5-06E2DF7E74D4}.Net472_2021_1|Any CPU.Build.0 = Net472_2021_1|Any CPU
		{7C22AA1F-E1E9-4592-BBB5-06E2DF7E74D4}.Net472_2021_2|Any CPU.ActiveCfg = Net472_2021_2|Any CPU
		{7C22AA1F-E1E9-4592-BBB5-06E2DF7E74D4}.Net472_2021_2|Any CPU.Build.0 = Net472_2021_2|Any CPU
		{7C22AA1F-E1E9-4592-BBB5-06E2DF7E74D4}.Net472_2021_3|Any CPU.ActiveCfg = Net472_2021_3|Any CPU
		{7C22AA1F-E1E9-4592-BBB5-06E2DF7E74D4}.Net472_2021_3|Any CPU.Build.0 = Net472_2021_3|Any CPU
		{7C22AA1F-E1E9-4592-BBB5-06E2DF7E74D4}.Net472_2022_1|Any CPU.ActiveCfg = Net472_2022_1|Any CPU
		{7C22AA1F-E1E9-4592-BBB5-06E2DF7E74D4}.Net472_2022_1|Any CPU.Build.0 = Net472_2022_1|Any CPU
		{7C22AA1F-E1E9-4592-BBB5-06E2DF7E74D4}.Net48_2021_2|Any CPU.ActiveCfg = Net48_2021_2|Any CPU
		{7C22AA1F-E1E9-4592-BBB5-06E2DF7E74D4}.Net48_2021_2|Any CPU.Build.0 = Net48_2021_2|Any CPU
		{7C22AA1F-E1E9-4592-BBB5-06E2DF7E74D4}.Net48_2021_3|Any CPU.ActiveCfg = Net48_2021_3|Any CPU
		{7C22AA1F-E1E9-4592-BBB5-06E2DF7E74D4}.Net48_2021_3|Any CPU.Build.0 = Net48_2021_3|Any CPU
		{7C22AA1F-E1E9-4592-BBB5-06E2DF7E74D4}.Net48_2022_1|Any CPU.ActiveCfg = Net48_2022_1|Any CPU
		{7C22AA1F-E1E9-4592-BBB5-06E2DF7E74D4}.Net48_2022_1|Any CPU.Build.0 = Net48_2022_1|Any CPU
		{7C22AA1F-E1E9-4592-BBB5-06E2DF7E74D4}.Standard20_2020_3|Any CPU.ActiveCfg = Standard20_2020_3|Any CPU
		{7C22AA1F-E1E9-4592-BBB5-06E2DF7E74D4}.Standard20_2020_3|Any CPU.Build.0 = Standard20_2020_3|Any CPU
		{7C22AA1F-E1E9-4592-BBB5-06E2DF7E74D4}.Standard20_2021_1|Any CPU.ActiveCfg = Standard20_2021_1|Any CPU
		{7C22AA1F-E1E9-4592-BBB5-06E2DF7E74D4}.Standard20_2021_1|Any CPU.Build.0 = Standard20_2021_1|Any CPU
		{7C22AA1F-E1E9-4592-BBB5-06E2DF7E74D4}.Standard21_2021_2|Any CPU.ActiveCfg = Standard21_2021_2|Any CPU
		{7C22AA1F-E1E9-4592-BBB5-06E2DF7E74D4}.Standard21_2021_2|Any CPU.Build.0 = Standard21_2021_2|Any CPU
		{7C22AA1F-E1E9-4592-BBB5-06E2DF7E74D4}.Standard21_2021_3|Any CPU.ActiveCfg = Standard21_2021_3|Any CPU
		{7C22AA1F-E1E9-4592-BBB5-06E2DF7E74D4}.Standard21_2021_3|Any CPU.Build.0 = Standard21_2021_3|Any CPU
		{7C22AA1F-E1E9-4592-BBB5-06E2DF7E74D4}.Standard21_2022_1|Any CPU.ActiveCfg = Standard21_2022_1|Any CPU
		{7C22AA1F-E1E9-4592-BBB5-06E2DF7E74D4}.Standard21_2022_1|Any CPU.Build.0 = Standard21_2022_1|Any CPU
		{4EFD5237-59D1-431D-A60A-A8B1D397AC1B}.Net472_2020_3|Any CPU.ActiveCfg = Net472_2020_3|Any CPU
		{4EFD5237-59D1-431D-A60A-A8B1D397AC1B}.Net472_2020_3|Any CPU.Build.0 = Net472_2020_3|Any CPU
		{4EFD5237-59D1-431D-A60A-A8B1D397AC1B}.Net472_2021_1|Any CPU.ActiveCfg = Net472_2021_1|Any CPU
		{4EFD5237-59D1-431D-A60A-A8B1D397AC1B}.Net472_2021_1|Any CPU.Build.0 = Net472_2021_1|Any CPU
		{4EFD5237-59D1-431D-A60A-A8B1D397AC1B}.Net472_2021_2|Any CPU.ActiveCfg = Net472_2021_2|Any CPU
		{4EFD5237-59D1-431D-A60A-A8B1D397AC1B}.Net472_2021_2|Any CPU.Build.0 = Net472_2021_2|Any CPU
		{4EFD5237-59D1-431D-A60A-A8B1D397AC1B}.Net472_2021_3|Any CPU.ActiveCfg = Net472_2021_3|Any CPU
		{4EFD5237-59D1-431D-A60A-A8B1D397AC1B}.Net472_2021_3|Any CPU.Build.0 = Net472_2021_3|Any CPU
		{4EFD5237-59D1-431D-A60A-A8B1D397AC1B}.Net472_2022_1|Any CPU.ActiveCfg = Net472_2022_1|Any CPU
		{4EFD5237-59D1-431D-A60A-A8B1D397AC1B}.Net472_2022_1|Any CPU.Build.0 = Net472_2022_1|Any CPU
		{4EFD5237-59D1-431D-A60A-A8B1D397AC1B}.Net48_2021_2|Any CPU.ActiveCfg = Net48_2021_2|Any CPU
		{4EFD5237-59D1-431D-A60A-A8B1D397AC1B}.Net48_2021_2|Any CPU.Build.0 = Net48_2021_2|Any CPU
		{4EFD5237-59D1-431D-A60A-A8B1D397AC1B}.Net48_2021_3|Any CPU.ActiveCfg = Net48_2021_3|Any CPU
		{4EFD5237-59D1-431D-A60A-A8B1D397AC1B}.Net48_2021_3|Any CPU.Build.0 = Net48_2021_3|Any CPU
		{4EFD5237-59D1-431D-A60A-A8B1D397AC1B}.Net48_2022_1|Any CPU.ActiveCfg = Net48_2022_1|Any CPU
		{4EFD5237-59D1-431D-A60A-A8B1D397AC1B}.Net48_2022_1|Any CPU.Build.0 = Net48_2022_1|Any CPU
		{4EFD5237-59D1-431D-A60A-A8B1D397AC1B}.Standard20_2020_3|Any CPU.ActiveCfg = Standard20_2020_3|Any CPU
		{4EFD5237-59D1-431D-A60A-A8B1D397AC1B}.Standard20_2020_3|Any CPU.Build.0 = Standard20_2020_3|Any CPU
		{4EFD5237-59D1-431D-A60A-A8B1D397AC1B}.Standard20_2021_1|Any CPU.ActiveCfg = Standard20_2021_1|Any CPU
		{4EFD5237-59D1-431D-A60A-A8B1D397AC1B}.Standard20_2021_1|Any CPU.Build.0 = Standard20_2021_1|Any CPU
		{4EFD5237-59D1-431D-A60A-A8B1D397AC1B}.Standard21_2021_2|Any CPU.ActiveCfg = Standard21_2021_2|Any CPU
		{4EFD5237-59D1-431D-A60A-A8B1D397AC1B}.Standard21_2021_2|Any CPU.Build.0 = Standard21_2021_2|Any CPU
		{4EFD5237-59D1-431D-A60A-A8B1D397AC1B}.Standard21_2021_3|Any CPU.ActiveCfg = Standard21_2021_3|Any CPU
		{4EFD5237-59D1-431D-A60A-A8B1D397AC1B}.Standard21_2021_3|Any CPU.Build.0 = Standard21_2021_3|Any CPU
		{4EFD5237-59D1-431D-A60A-A8B1D397AC1B}.Standard21_2022_1|Any CPU.ActiveCfg = Standard21_2022_1|Any CPU
		{4EFD5237-59D1-431D-A60A-A8B1D397AC1B}.Standard21_2022_1|Any CPU.Build.0 = Standard21_2022_1|Any CPU
	EndGlobalSection
	GlobalSection(SolutionProperties) = preSolution
		HideSolutionNode = FALSE
	EndGlobalSection
	GlobalSection(NestedProjects) = preSolution
		{CE043F66-AFE3-43C6-8D52-E3059B8B2CDB} = {157D3502-954C-4200-81B5-4A381B9F4C80}
		{E4D0EF7B-F491-4BD5-BDD3-ABD92D3BEE05} = {CE043F66-AFE3-43C6-8D52-E3059B8B2CDB}
		{98FA5AC9-B938-4AA6-B8B1-1B6468878191} = {CE043F66-AFE3-43C6-8D52-E3059B8B2CDB}
		{E365C332-897A-43CA-8702-F9475896349B} = {157D3502-954C-4200-81B5-4A381B9F4C80}
	EndGlobalSection
	GlobalSection(ExtensibilityGlobals) = postSolution
		SolutionGuid = {AFEDC263-39BC-42D3-960F-FD230F8257F7}
	EndGlobalSection
EndGlobal
